
Microsoft Visual Studio Solution File, Format Version 12.00
# Visual Studio Version 16
VisualStudioVersion = 16.0.29102.190
MinimumVisualStudioVersion = 10.0.40219.1
Project("{9A19103F-16F7-4668-BE54-9A1E7A4F7556}") = "ExercicesBase", "Exercices\ExercicesBase.csproj", "{442CB66F-C397-4D3E-B5F9-4FB819A867B6}"
EndProject
Project("{9A19103F-16F7-4668-BE54-9A1E7A4F7556}") = "UnitTestProject", "UnitTestProject\UnitTestProject.csproj", "{DFCCBBCC-6B2D-4169-B654-6170495C6794}"
EndProject
Project("{9A19103F-16F7-4668-BE54-9A1E7A4F7556}") = "ExercicesBDD", "ExercicesBDD\ExercicesBDD.csproj", "{87782D25-891D-4B6A-AD1D-E26326C75A26}"
EndProject
Project("{9A19103F-16F7-4668-BE54-9A1E7A4F7556}") = "ApiToDoList", "ApiToDoList\ApiToDoList.csproj", "{497DE597-3318-4AEA-92D1-4D4456009A44}"
EndProject
Project("{FAE04EC0-301F-11D3-BF4B-00C04F79EFBC}") = "Harksa.io", "Harksa.io\Harksa.io.csproj", "{CEA9906A-C756-4D2B-82C5-49D25DDF8044}"
EndProject
Project("{FAE04EC0-301F-11D3-BF4B-00C04F79EFBC}") = "DesignPattern", "DesignPattern\DesignPattern.csproj", "{B2EF6956-2C70-45E2-8501-74B68BAD3EB2}"
EndProject
Global
	GlobalSection(SolutionConfigurationPlatforms) = preSolution
		Debug|Any CPU = Debug|Any CPU
		Release|Any CPU = Release|Any CPU
	EndGlobalSection
	GlobalSection(ProjectConfigurationPlatforms) = postSolution
		{442CB66F-C397-4D3E-B5F9-4FB819A867B6}.Debug|Any CPU.ActiveCfg = Debug|Any CPU
		{442CB66F-C397-4D3E-B5F9-4FB819A867B6}.Debug|Any CPU.Build.0 = Debug|Any CPU
		{442CB66F-C397-4D3E-B5F9-4FB819A867B6}.Release|Any CPU.ActiveCfg = Release|Any CPU
		{442CB66F-C397-4D3E-B5F9-4FB819A867B6}.Release|Any CPU.Build.0 = Release|Any CPU
		{DFCCBBCC-6B2D-4169-B654-6170495C6794}.Debug|Any CPU.ActiveCfg = Debug|Any CPU
		{DFCCBBCC-6B2D-4169-B654-6170495C6794}.Debug|Any CPU.Build.0 = Debug|Any CPU
		{DFCCBBCC-6B2D-4169-B654-6170495C6794}.Release|Any CPU.ActiveCfg = Release|Any CPU
		{DFCCBBCC-6B2D-4169-B654-6170495C6794}.Release|Any CPU.Build.0 = Release|Any CPU
		{87782D25-891D-4B6A-AD1D-E26326C75A26}.Debug|Any CPU.ActiveCfg = Debug|Any CPU
		{87782D25-891D-4B6A-AD1D-E26326C75A26}.Debug|Any CPU.Build.0 = Debug|Any CPU
		{87782D25-891D-4B6A-AD1D-E26326C75A26}.Release|Any CPU.ActiveCfg = Release|Any CPU
		{87782D25-891D-4B6A-AD1D-E26326C75A26}.Release|Any CPU.Build.0 = Release|Any CPU
		{497DE597-3318-4AEA-92D1-4D4456009A44}.Debug|Any CPU.ActiveCfg = Debug|Any CPU
		{497DE597-3318-4AEA-92D1-4D4456009A44}.Debug|Any CPU.Build.0 = Debug|Any CPU
		{497DE597-3318-4AEA-92D1-4D4456009A44}.Release|Any CPU.ActiveCfg = Release|Any CPU
		{497DE597-3318-4AEA-92D1-4D4456009A44}.Release|Any CPU.Build.0 = Release|Any CPU
		{CEA9906A-C756-4D2B-82C5-49D25DDF8044}.Debug|Any CPU.ActiveCfg = Debug|Any CPU
		{CEA9906A-C756-4D2B-82C5-49D25DDF8044}.Debug|Any CPU.Build.0 = Debug|Any CPU
		{CEA9906A-C756-4D2B-82C5-49D25DDF8044}.Release|Any CPU.ActiveCfg = Release|Any CPU
		{CEA9906A-C756-4D2B-82C5-49D25DDF8044}.Release|Any CPU.Build.0 = Release|Any CPU
		{B2EF6956-2C70-45E2-8501-74B68BAD3EB2}.Debug|Any CPU.ActiveCfg = Debug|Any CPU
		{B2EF6956-2C70-45E2-8501-74B68BAD3EB2}.Debug|Any CPU.Build.0 = Debug|Any CPU
		{B2EF6956-2C70-45E2-8501-74B68BAD3EB2}.Release|Any CPU.ActiveCfg = Release|Any CPU
		{B2EF6956-2C70-45E2-8501-74B68BAD3EB2}.Release|Any CPU.Build.0 = Release|Any CPU
	EndGlobalSection
	GlobalSection(SolutionProperties) = preSolution
		HideSolutionNode = FALSE
	EndGlobalSection
	GlobalSection(ExtensibilityGlobals) = postSolution
		SolutionGuid = {F0AB61FC-C947-4C1A-9970-7F25BDA51AC5}
	EndGlobalSection
EndGlobal
